
Microsoft Visual Studio Solution File, Format Version 12.00
# Visual Studio Version 17
VisualStudioVersion = 17.6.33801.468
MinimumVisualStudioVersion = 10.0.40219.1
Project("{FAE04EC0-301F-11D3-BF4B-00C04F79EFBC}") = "Workshop4", "Workshop4\Workshop4.csproj", "{A88D6117-6F86-4790-85A4-BF0869D4836D}"
EndProject
Global
	GlobalSection(SolutionConfigurationPlatforms) = preSolution
		Debug|Any CPU = Debug|Any CPU
		Release|Any CPU = Release|Any CPU
	EndGlobalSection
	GlobalSection(ProjectConfigurationPlatforms) = postSolution
		{A88D6117-6F86-4790-85A4-BF0869D4836D}.Debug|Any CPU.ActiveCfg = Debug|Any CPU
		{A88D6117-6F86-4790-85A4-BF0869D4836D}.Debug|Any CPU.Build.0 = Debug|Any CPU
		{A88D6117-6F86-4790-85A4-BF0869D4836D}.Release|Any CPU.ActiveCfg = Release|Any CPU
		{A88D6117-6F86-4790-85A4-BF0869D4836D}.Release|Any CPU.Build.0 = Release|Any CPU
	EndGlobalSection
	GlobalSection(SolutionProperties) = preSolution
		HideSolutionNode = FALSE
	EndGlobalSection
	GlobalSection(ExtensibilityGlobals) = postSolution
		SolutionGuid = {D86765C0-6BF0-4C88-AED8-A4FF321547AF}
	EndGlobalSection
EndGlobal
